<?xml version="1.0" encoding="utf-8"?>
<Project ToolsVersion="4.0" xmlns="http://schemas.microsoft.com/developer/msbuild/2003">
  <ItemGroup>
    <Filter Include="include">
      <UniqueIdentifier>{0c376161-bc6a-4f0d-a25a-58f3b873f923}</UniqueIdentifier>
    </Filter>
    <Filter Include="source">
      <UniqueIdentifier>{ca3a136f-7b7a-4a71-b347-de8e2c7fe78b}</UniqueIdentifier>
    </Filter>
    <Filter Include="include\renderer">
      <UniqueIdentifier>{2e4573a0-114c-44d3-a705-fba8a92ac01c}</UniqueIdentifier>
    </Filter>
    <Filter Include="source\renderer">
      <UniqueIdentifier>{20c3e9a8-e9f9-404f-a2b8-efb48562fb5e}</UniqueIdentifier>
    </Filter>
  </ItemGroup>
  <ItemGroup>
    <ClInclude Include="include\error_stack.h">
      <Filter>include</Filter>
    </ClInclude>
    <ClInclude Include="include\math_common.h">
      <Filter>include</Filter>
    </ClInclude>
    <ClInclude Include="include\matrix3x3.h">
      <Filter>include</Filter>
    </ClInclude>
    <ClInclude Include="include\matrix4x4.h">
      <Filter>include</Filter>
    </ClInclude>
    <ClInclude Include="include\memory_manager.h">
      <Filter>include</Filter>
    </ClInclude>
    <ClInclude Include="include\vector2.h">
      <Filter>include</Filter>
    </ClInclude>
    <ClInclude Include="include\vector3.h">
      <Filter>include</Filter>
    </ClInclude>
    <ClInclude Include="include\vector4.h">
      <Filter>include</Filter>
    </ClInclude>
    <ClInclude Include="include\renderer\attribute.h">
      <Filter>include\renderer</Filter>
    </ClInclude>
    <ClInclude Include="include\renderer\buffer_interface.h">
      <Filter>include\renderer</Filter>
    </ClInclude>
    <ClInclude Include="include\renderer\buffer_layout.h">
      <Filter>include\renderer</Filter>
    </ClInclude>
    <ClInclude Include="include\renderer\index_buffer_interface.h">
      <Filter>include\renderer</Filter>
    </ClInclude>
    <ClInclude Include="include\renderer\material_interface.h">
      <Filter>include\renderer</Filter>
    </ClInclude>
    <ClInclude Include="include\renderer\material_layout_interface.h">
      <Filter>include\renderer</Filter>
    </ClInclude>
    <ClInclude Include="include\renderer\renderer_interface.h">
      <Filter>include\renderer</Filter>
    </ClInclude>
    <ClInclude Include="include\renderer\resources_interface.h">
      <Filter>include\renderer</Filter>
    </ClInclude>
    <ClInclude Include="include\renderer\shared.h">
      <Filter>include\renderer</Filter>
    </ClInclude>
    <ClInclude Include="include\renderer\variable_interface.h">
      <Filter>include\renderer</Filter>
    </ClInclude>
    <ClInclude Include="include\jcommon_define.h">
      <Filter>include</Filter>
    </ClInclude>
  </ItemGroup>
  <ItemGroup>
    <ClCompile Include="source\error_stack.cpp">
      <Filter>source</Filter>
    </ClCompile>
    <ClCompile Include="source\math_common.cpp">
      <Filter>source</Filter>
    </ClCompile>
    <ClCompile Include="source\matrix3x3.cpp">
      <Filter>source</Filter>
    </ClCompile>
    <ClCompile Include="source\matrix4x4.cpp">
      <Filter>source</Filter>
    </ClCompile>
    <ClCompile Include="source\memory_manager.cpp">
      <Filter>source</Filter>
    </ClCompile>
    <ClCompile Include="source\vector2.cpp">
      <Filter>source</Filter>
    </ClCompile>
    <ClCompile Include="source\vector3.cpp">
      <Filter>source</Filter>
    </ClCompile>
    <ClCompile Include="source\vector4.cpp">
      <Filter>source</Filter>
    </ClCompile>
    <ClCompile Include="source\renderer\attribute.cpp">
      <Filter>source\renderer</Filter>
    </ClCompile>
    <ClCompile Include="source\renderer\buffer_layout.cpp">
      <Filter>source\renderer</Filter>
    </ClCompile>
  </ItemGroup>
</Project>