
Microsoft Visual Studio Solution File, Format Version 12.00
# Visual Studio 2013
VisualStudioVersion = 12.0.30501.0
MinimumVisualStudioVersion = 10.0.40219.1
Project("{8BC9CEB8-8B4A-11D0-8D11-00A0C91BC942}") = "jengine", "jengine.vcxproj", "{D092F127-0814-4682-AB88-F036A4E1ABD9}"
EndProject
Project("{8BC9CEB8-8B4A-11D0-8D11-00A0C91BC942}") = "jcommon", "jcommon\jcommon.vcxproj", "{5CB050B3-F94B-4486-B5F7-E591F838A4C8}"
EndProject
Project("{8BC9CEB8-8B4A-11D0-8D11-00A0C91BC942}") = "opengl_renderer", "opengl_renderer\opengl_renderer.vcxproj", "{83D99828-9FCB-423E-96C8-F094E2B20742}"
EndProject
Global
	GlobalSection(SolutionConfigurationPlatforms) = preSolution
		Debug|Win32 = Debug|Win32
		Release|Win32 = Release|Win32
	EndGlobalSection
	GlobalSection(ProjectConfigurationPlatforms) = postSolution
		{D092F127-0814-4682-AB88-F036A4E1ABD9}.Debug|Win32.ActiveCfg = Debug|Win32
		{D092F127-0814-4682-AB88-F036A4E1ABD9}.Debug|Win32.Build.0 = Debug|Win32
		{D092F127-0814-4682-AB88-F036A4E1ABD9}.Release|Win32.ActiveCfg = Release|Win32
		{D092F127-0814-4682-AB88-F036A4E1ABD9}.Release|Win32.Build.0 = Release|Win32
		{5CB050B3-F94B-4486-B5F7-E591F838A4C8}.Debug|Win32.ActiveCfg = Debug|Win32
		{5CB050B3-F94B-4486-B5F7-E591F838A4C8}.Debug|Win32.Build.0 = Debug|Win32
		{5CB050B3-F94B-4486-B5F7-E591F838A4C8}.Release|Win32.ActiveCfg = Release|Win32
		{5CB050B3-F94B-4486-B5F7-E591F838A4C8}.Release|Win32.Build.0 = Release|Win32
		{83D99828-9FCB-423E-96C8-F094E2B20742}.Debug|Win32.ActiveCfg = Debug|Win32
		{83D99828-9FCB-423E-96C8-F094E2B20742}.Debug|Win32.Build.0 = Debug|Win32
		{83D99828-9FCB-423E-96C8-F094E2B20742}.Release|Win32.ActiveCfg = Release|Win32
		{83D99828-9FCB-423E-96C8-F094E2B20742}.Release|Win32.Build.0 = Release|Win32
	EndGlobalSection
	GlobalSection(SolutionProperties) = preSolution
		HideSolutionNode = FALSE
	EndGlobalSection
EndGlobal
