<?xml version="1.0" encoding="utf-8"?>
<Project ToolsVersion="4.0" xmlns="http://schemas.microsoft.com/developer/msbuild/2003">
  <ItemGroup>
    <Filter Include="Source Files">
      <UniqueIdentifier>{4FC737F1-C7A5-4376-A066-2A32D752A2FF}</UniqueIdentifier>
      <Extensions>cpp;c;cc;cxx;def;odl;idl;hpj;bat;asm;asmx</Extensions>
    </Filter>
    <Filter Include="Header Files">
      <UniqueIdentifier>{93995380-89BD-4b04-88EB-625FBE52EBFB}</UniqueIdentifier>
      <Extensions>h;hpp;hxx;hm;inl;inc;xsd</Extensions>
    </Filter>
    <Filter Include="Resource Files">
      <UniqueIdentifier>{67DA6AB6-F800-4c08-8B7A-83BB121AAD01}</UniqueIdentifier>
      <Extensions>rc;ico;cur;bmp;dlg;rc2;rct;bin;rgs;gif;jpg;jpeg;jpe;resx;tiff;tif;png;wav;mfcribbon-ms</Extensions>
    </Filter>
    <Filter Include="Shaders">
      <UniqueIdentifier>{c5a16e9e-7fc3-4fe5-8b5f-010a277d2024}</UniqueIdentifier>
    </Filter>
  </ItemGroup>
  <ItemGroup>
    <ClCompile Include="main.c">
      <Filter>Source Files</Filter>
    </ClCompile>
    <ClCompile Include="window.c">
      <Filter>Source Files</Filter>
    </ClCompile>
    <ClCompile Include="vector3d.c">
      <Filter>Source Files</Filter>
    </ClCompile>
    <ClCompile Include="map.c">
      <Filter>Source Files</Filter>
    </ClCompile>
    <ClCompile Include="file.c">
      <Filter>Source Files</Filter>
    </ClCompile>
    <ClCompile Include="opengl_renderer.c">
      <Filter>Source Files</Filter>
    </ClCompile>
    <ClCompile Include="polygon.c">
      <Filter>Source Files</Filter>
    </ClCompile>
    <ClCompile Include="world.c">
      <Filter>Source Files</Filter>
    </ClCompile>
    <ClCompile Include="mesh.c">
      <Filter>Source Files</Filter>
    </ClCompile>
    <ClCompile Include="indexed_mesh.c">
      <Filter>Source Files</Filter>
    </ClCompile>
    <ClCompile Include="engine.c">
      <Filter>Source Files</Filter>
    </ClCompile>
    <ClCompile Include="game.c">
      <Filter>Source Files</Filter>
    </ClCompile>
    <ClCompile Include="platformer.c">
      <Filter>Source Files</Filter>
    </ClCompile>
    <ClCompile Include="vector2d.c">
      <Filter>Source Files</Filter>
    </ClCompile>
    <ClCompile Include="keyboard_manager.c">
      <Filter>Source Files</Filter>
    </ClCompile>
    <ClCompile Include="player_move.c">
      <Filter>Source Files</Filter>
    </ClCompile>
    <ClCompile Include="player.c">
      <Filter>Source Files</Filter>
    </ClCompile>
    <ClCompile Include="renderer.c">
      <Filter>Source Files</Filter>
    </ClCompile>
    <ClCompile Include="memory_manager.c">
      <Filter>Source Files</Filter>
    </ClCompile>
    <ClCompile Include="vector4d.c">
      <Filter>Source Files</Filter>
    </ClCompile>
    <ClCompile Include="matrix3x3.c">
      <Filter>Source Files</Filter>
    </ClCompile>
    <ClCompile Include="matrix4x4.c">
      <Filter>Source Files</Filter>
    </ClCompile>
    <ClCompile Include="math_common.c">
      <Filter>Source Files</Filter>
    </ClCompile>
  </ItemGroup>
  <ItemGroup>
    <ClInclude Include="window.h">
      <Filter>Header Files</Filter>
    </ClInclude>
    <ClInclude Include="aabb.h">
      <Filter>Header Files</Filter>
    </ClInclude>
    <ClInclude Include="map.h">
      <Filter>Header Files</Filter>
    </ClInclude>
    <ClInclude Include="plane.h">
      <Filter>Header Files</Filter>
    </ClInclude>
    <ClInclude Include="vector3d.h">
      <Filter>Header Files</Filter>
    </ClInclude>
    <ClInclude Include="file.h">
      <Filter>Header Files</Filter>
    </ClInclude>
    <ClInclude Include="opengl_renderer.h">
      <Filter>Header Files</Filter>
    </ClInclude>
    <ClInclude Include="polygon.h">
      <Filter>Header Files</Filter>
    </ClInclude>
    <ClInclude Include="trace.h">
      <Filter>Header Files</Filter>
    </ClInclude>
    <ClInclude Include="world.h">
      <Filter>Header Files</Filter>
    </ClInclude>
    <ClInclude Include="mesh.h">
      <Filter>Header Files</Filter>
    </ClInclude>
    <ClInclude Include="indexed_mesh.h">
      <Filter>Header Files</Filter>
    </ClInclude>
    <ClInclude Include="engine.h">
      <Filter>Header Files</Filter>
    </ClInclude>
    <ClInclude Include="game.h">
      <Filter>Header Files</Filter>
    </ClInclude>
    <ClInclude Include="platformer.h">
      <Filter>Header Files</Filter>
    </ClInclude>
    <ClInclude Include="vector2d.h">
      <Filter>Header Files</Filter>
    </ClInclude>
    <ClInclude Include="keyboard_manager.h">
      <Filter>Header Files</Filter>
    </ClInclude>
    <ClInclude Include="player_move.h">
      <Filter>Header Files</Filter>
    </ClInclude>
    <ClInclude Include="player.h">
      <Filter>Header Files</Filter>
    </ClInclude>
    <ClInclude Include="entity.h">
      <Filter>Header Files</Filter>
    </ClInclude>
    <ClInclude Include="aabb_entity.h">
      <Filter>Header Files</Filter>
    </ClInclude>
    <ClInclude Include="renderer.h">
      <Filter>Header Files</Filter>
    </ClInclude>
    <ClInclude Include="memory_manager.h">
      <Filter>Header Files</Filter>
    </ClInclude>
    <ClInclude Include="vector4d.h">
      <Filter>Header Files</Filter>
    </ClInclude>
    <ClInclude Include="matrix3x3.h">
      <Filter>Header Files</Filter>
    </ClInclude>
    <ClInclude Include="matrix4x4.h">
      <Filter>Header Files</Filter>
    </ClInclude>
    <ClInclude Include="math_common.h">
      <Filter>Header Files</Filter>
    </ClInclude>
  </ItemGroup>
  <ItemGroup>
    <None Include="engine.frag">
      <Filter>Shaders</Filter>
    </None>
    <None Include="engine.vert">
      <Filter>Shaders</Filter>
    </None>
  </ItemGroup>
</Project>