<?xml version="1.0" encoding="utf-8"?>
<Project ToolsVersion="4.0" xmlns="http://schemas.microsoft.com/developer/msbuild/2003">
  <ItemGroup>
    <ClInclude Include="include\attribute.h">
      <Filter>include</Filter>
    </ClInclude>
    <ClInclude Include="include\buffer.h">
      <Filter>include</Filter>
    </ClInclude>
    <ClInclude Include="include\buffer_layout.h">
      <Filter>include</Filter>
    </ClInclude>
    <ClInclude Include="include\common.h">
      <Filter>include</Filter>
    </ClInclude>
    <ClInclude Include="include\index_buffer.h">
      <Filter>include</Filter>
    </ClInclude>
    <ClInclude Include="include\material.h">
      <Filter>include</Filter>
    </ClInclude>
    <ClInclude Include="include\material_layout.h">
      <Filter>include</Filter>
    </ClInclude>
    <ClInclude Include="include\opengl_export.h">
      <Filter>include</Filter>
    </ClInclude>
    <ClInclude Include="include\variable.h">
      <Filter>include</Filter>
    </ClInclude>
    <ClInclude Include="include\renderer.h">
      <Filter>include</Filter>
    </ClInclude>
    <ClInclude Include="include\opengl_define.h">
      <Filter>include</Filter>
    </ClInclude>
    <ClInclude Include="include\resources.h">
      <Filter>include</Filter>
    </ClInclude>
    <ClInclude Include="include\texture.h">
      <Filter>include</Filter>
    </ClInclude>
  </ItemGroup>
  <ItemGroup>
    <ClCompile Include="source\attribute.cpp">
      <Filter>source</Filter>
    </ClCompile>
    <ClCompile Include="source\buffer.cpp">
      <Filter>source</Filter>
    </ClCompile>
    <ClCompile Include="source\buffer_layout.cpp">
      <Filter>source</Filter>
    </ClCompile>
    <ClCompile Include="source\index_buffer.cpp">
      <Filter>source</Filter>
    </ClCompile>
    <ClCompile Include="source\material.cpp">
      <Filter>source</Filter>
    </ClCompile>
    <ClCompile Include="source\material_layout.cpp">
      <Filter>source</Filter>
    </ClCompile>
    <ClCompile Include="source\opengl_export.cpp">
      <Filter>source</Filter>
    </ClCompile>
    <ClCompile Include="source\variable.cpp">
      <Filter>source</Filter>
    </ClCompile>
    <ClCompile Include="source\resources.cpp">
      <Filter>source</Filter>
    </ClCompile>
    <ClCompile Include="source\renderer.cpp">
      <Filter>source</Filter>
    </ClCompile>
    <ClCompile Include="source\common.cpp">
      <Filter>source</Filter>
    </ClCompile>
    <ClCompile Include="source\texture.cpp">
      <Filter>source</Filter>
    </ClCompile>
  </ItemGroup>
  <ItemGroup>
    <Filter Include="include">
      <UniqueIdentifier>{1906cb04-f37a-45f3-abeb-254330bebaa6}</UniqueIdentifier>
    </Filter>
    <Filter Include="source">
      <UniqueIdentifier>{8de643b9-1b5a-432e-a110-346c027d4d28}</UniqueIdentifier>
    </Filter>
  </ItemGroup>
</Project>