<?xml version="1.0" encoding="utf-8"?>
<Project ToolsVersion="4.0" xmlns="http://schemas.microsoft.com/developer/msbuild/2003">
  <ItemGroup>
    <ClInclude Include="include\opengl_renderer.h" />
    <ClInclude Include="include\opengl_resources.h" />
    <ClInclude Include="include\buffer.h" />
    <ClInclude Include="include\common.h" />
    <ClInclude Include="include\opengl_export.h" />
    <ClInclude Include="include\index_buffer.h" />
    <ClInclude Include="include\material.h" />
    <ClInclude Include="include\attribute.h" />
    <ClInclude Include="include\variable.h" />
    <ClInclude Include="include\buffer_layout.h" />
    <ClInclude Include="include\material_layout.h" />
  </ItemGroup>
  <ItemGroup>
    <ClCompile Include="source\opengl_export.cpp" />
    <ClCompile Include="source\opengl_renderer.cpp" />
    <ClCompile Include="source\opengl_resources.cpp" />
    <ClCompile Include="source\attribute.cpp" />
    <ClCompile Include="source\buffer.cpp" />
    <ClCompile Include="source\variable.cpp" />
    <ClCompile Include="source\buffer_layout.cpp" />
    <ClCompile Include="source\material.cpp" />
    <ClCompile Include="source\material_layout.cpp" />
    <ClCompile Include="source\index_buffer.cpp" />
  </ItemGroup>
</Project>